github.com/wowchemy/wowchemy-hugo-themes/modules/wowchemy-core v0.1.0/go.mod h1:kJwI9H8dicHQCnP8G9EvUDI+oNg/yXcGsjGjwjXuM8I=
github.com/wowchemy/wowchemy-hugo-themes/modules/wowchemy-plugin-netlify v1.0.1-0.20220815170637-b49528cf1e81 h1:WqA7nDw2oQ2jBYPOjkr14hH0FZGz3E12e0xq4GwPCEU=
github.com/wowchemy/wowchemy-hugo-themes/modules/wowchemy-plugin-netlify v1.0.1-0.20220815170637-b49528cf1e81/go.mod h1:s40UgLsWfVyCLQ2F4F3dBcNfZOXcPGld7KxsKhZdzvM=
github.com/wowchemy/wowchemy-hugo-themes/modules/wowchemy-plugin-netlify v1.0.1-0.20220912214050-c40f8ca5033e h1:w3ZX0TDg4q5OWAJtWhv0wPkabSjAEmPi4Sg+vsqUtcU=
github.com/wowchemy/wowchemy-hugo-themes/modules/wowchemy-plugin-netlify v1.0.1-0.20220912214050-c40f8ca5033e/go.mod h1:s40UgLsWfVyCLQ2F4F3dBcNfZOXcPGld7KxsKhZdzvM=
github.com/wowchemy/wowchemy-hugo-themes/modules/wowchemy-plugin-netlify v1.0.1-0.20220917145654-342a418071ed h1:sjO1vh8y4dX4g5NnsVA71UBqYsEXkuY4ihVqZI4AmQU=
github.com/wowchemy/wowchemy-hugo-themes/modules/wowchemy-plugin-netlify v1.0.1-0.20220917145654-342a418071ed/go.mod h1:s40UgLsWfVyCLQ2F4F3dBcNfZOXcPGld7KxsKhZdzvM=
github.com/wowchemy/wowchemy-hugo-themes/modules/wowchemy-plugin-netlify v1.0.1-0.20221004182530-3349024c90f8 h1:d3NHptBsj1KY+3R6wd92qOHqMWKcETCmQHHtKFZM/DI=
github.com/wowchemy/wowchemy-hugo-themes/modules/wowchemy-plugin-netlify v1.0.1-0.20221004182530-3349024c90f8/go.mod h1:s40UgLsWfVyCLQ2F4F3dBcNfZOXcPGld7KxsKhZdzvM=
github.com/wowchemy/wowchemy-hugo-themes/modules/wowchemy-plugin-netlify v1.0.1-0.20221029143146-ff4b7b1193fa h1:A4zrh19ZcaihQMSaRO1f3kLszfmm1LRH68R/Mf+3DnM=
github.com/wowchemy/wowchemy-hugo-themes/modules/wowchemy-plugin-netlify v1.0.1-0.20221029143146-ff4b7b1193fa/go.mod h1:s40UgLsWfVyCLQ2F4F3dBcNfZOXcPGld7KxsKhZdzvM=
github.com/wowchemy/wowchemy-hugo-themes/modules/wowchemy-plugin-netlify-cms v1.0.1-0.20220815170637-b49528cf1e81 h1:C2TayI+It8zhi+Ccl6Ug7zh0xeBvKFi16ZY3uAjrnY0=
github.com/wowchemy/wowchemy-hugo-themes/modules/wowchemy-plugin-netlify-cms v1.0.1-0.20220815170637-b49528cf1e81/go.mod h1:X1mETJo6Lkv9tEgfU0UYFRiRInf0RbgW+s1RKXB4GMA=
github.com/wowchemy/wowchemy-hugo-themes/modules/wowchemy-plugin-netlify-cms v1.0.1-0.20220912214050-c40f8ca5033e h1:1yzruMYD1RhpMpwH1Nrcw30a5ltYqc5Hw9ISqDPtR8Q=
github.com/wowchemy/wowchemy-hugo-themes/modules/wowchemy-plugin-netlify-cms v1.0.1-0.20220912214050-c40f8ca5033e/go.mod h1:X1mETJo6Lkv9tEgfU0UYFRiRInf0RbgW+s1RKXB4GMA=
github.com/wowchemy/wowchemy-hugo-themes/modules/wowchemy-plugin-netlify-cms v1.0.1-0.20220917145654-342a418071ed h1:vWd36tmJQlqQ94wT50ZmZ6EH9IBKSlKuJ9Fj3xq7FH0=
github.com/wowchemy/wowchemy-hugo-themes/modules/wowchemy-plugin-netlify-cms v1.0.1-0.20220917145654-342a418071ed/go.mod h1:X1mETJo6Lkv9tEgfU0UYFRiRInf0RbgW+s1RKXB4GMA=
github.com/wowchemy/wowchemy-hugo-themes/modules/wowchemy-plugin-netlify-cms v1.0.1-0.20221004182530-3349024c90f8 h1:OPf43xB8VJ9L2f6Pj0s9QL38IEkpbykYjeDNqO7HK44=
github.com/wowchemy/wowchemy-hugo-themes/modules/wowchemy-plugin-netlify-cms v1.0.1-0.20221004182530-3349024c90f8/go.mod h1:X1mETJo6Lkv9tEgfU0UYFRiRInf0RbgW+s1RKXB4GMA=
github.com/wowchemy/wowchemy-hugo-themes/modules/wowchemy-plugin-netlify-cms v1.0.1-0.20221029143146-ff4b7b1193fa h1:jfpNYPQWlM4j0aFAHtDNl35yeqkd3BjvZKuAFEP0tlw=
github.com/wowchemy/wowchemy-hugo-themes/modules/wowchemy-plugin-netlify-cms v1.0.1-0.20221029143146-ff4b7b1193fa/go.mod h1:X1mETJo6Lkv9tEgfU0UYFRiRInf0RbgW+s1RKXB4GMA=
github.com/wowchemy/wowchemy-hugo-themes/modules/wowchemy-seo v0.1.0/go.mod h1:R01vz++1i/KR2n00aWGcs6m/L7ky1klbrpqA2KXjMCk=
github.com/wowchemy/wowchemy-hugo-themes/modules/wowchemy/v5 v5.6.1-0.20220815170637-b49528cf1e81 h1:/XtlY4T5JIk0zBoPStSURP43vRjBhvcLvtf6aoRaJCg=
github.com/wowchemy/wowchemy-hugo-themes/modules/wowchemy/v5 v5.6.1-0.20220815170637-b49528cf1e81/go.mod h1:EfRfz/zhkliLPRWYdXRatho64juF3EFaJnciCi5YzwA=
github.com/wowchemy/wowchemy-hugo-themes/modules/wowchemy/v5 v5.6.1-0.20220912214050-c40f8ca5033e h1:7zLewMZB1zJGiCYr55ffcPzEKq8hNTTMpTahiCuABFs=
github.com/wowchemy/wowchemy-hugo-themes/modules/wowchemy/v5 v5.6.1-0.20220912214050-c40f8ca5033e/go.mod h1:pxtkh2Fw4Vdwh2NvIYpCqhR0g7MgwVAxFN1lW9Rep44=
github.com/wowchemy/wowchemy-hugo-themes/modules/wowchemy/v5 v5.6.1-0.20220917145654-342a418071ed h1:JgI6i2G9+nTyxIAT2ZjZqUFAECMimdMgle0cDap5rsI=
github.com/wowchemy/wowchemy-hugo-themes/modules/wowchemy/v5 v5.6.1-0.20220917145654-342a418071ed/go.mod h1:pxtkh2Fw4Vdwh2NvIYpCqhR0g7MgwVAxFN1lW9Rep44=
github.com/wowchemy/wowchemy-hugo-themes/modules/wowchemy/v5 v5.7.0 h1:j0H7ApKal0qdWWdFbT7S/F3XQ7959nO3+kA6lLN4jec=
github.com/wowchemy/wowchemy-hugo-themes/modules/wowchemy/v5 v5.7.0/go.mod h1:pxtkh2Fw4Vdwh2NvIYpCqhR0g7MgwVAxFN1lW9Rep44=
